
Microsoft Visual Studio Solution File, Format Version 12.00
# Visual Studio 2012
Project("{FAE04EC0-301F-11D3-BF4B-00C04F79EFBC}") = "ApiSenDS", "APISEN\ApiSenDS.csproj", "{4DA490B4-B88F-4C6C-8B6D-60C52CBB31A6}"
EndProject
Global
	GlobalSection(SolutionConfigurationPlatforms) = preSolution
		Debug|Any CPU = Debug|Any CPU
		Release|Any CPU = Release|Any CPU
	EndGlobalSection
	GlobalSection(ProjectConfigurationPlatforms) = postSolution
		{4DA490B4-B88F-4C6C-8B6D-60C52CBB31A6}.Debug|Any CPU.ActiveCfg = Debug|Any CPU
		{4DA490B4-B88F-4C6C-8B6D-60C52CBB31A6}.Debug|Any CPU.Build.0 = Debug|Any CPU
		{4DA490B4-B88F-4C6C-8B6D-60C52CBB31A6}.Release|Any CPU.ActiveCfg = Release|Any CPU
		{4DA490B4-B88F-4C6C-8B6D-60C52CBB31A6}.Release|Any CPU.Build.0 = Release|Any CPU
	EndGlobalSection
EndGlobal
